{
  "name": "ruteninc-web",
  "version": "1.0.0",
  "lockfileVersion": 1,
  "requires": true,
  "dependencies": {
    "animejs": {
      "version": "3.1.0",
      "resolved": "https://registry.npmjs.org/animejs/-/animejs-3.1.0.tgz",
      "integrity": "sha512-BjnCroPPQPEAngT0M89pz9TBcOGgOFLnVoq3+jV2upl4rn60k57/AXvESTnuILsNgOEjGuhMEOMp7IlQzk40kA=="
    },
    "web-animations-js": {
      "version": "github:web-animations/web-animations-js#480630912ad1e6e1b462363a88c0b8e93b5168fb",
      "from": "github:web-animations/web-animations-js"
    }
  }
}
